<?xml version="1.0" encoding="UTF-8" standalone="yes" ?>
<CodeBlocks_project_file>
	<FileVersion major="1" minor="6" />
	<Project>
		<Option title="PlayerOfGamesNN" />
		<Option pch_mode="2" />
		<Option compiler="gcc" />
		<Build>
			<Target title="Debug">
				<Option output="bin/Debug/PlayerOfGames" prefix_auto="1" extension_auto="1" />
				<Option object_output="obj/Debug/" />
				<Option type="3" />
				<Option compiler="gcc" />
				<Option createDefFile="1" />
				<Option createStaticLib="1" />
				<Compiler>
					<Add option="-Wall" />
					<Add option="-DBUILD_DLL" />
					<Add option="-g" />
				</Compiler>
				<Linker>
					<Add library="user32" />
				</Linker>
			</Target>
			<Target title="Release">
				<Option output="bin/Release/PlayerOfGames" prefix_auto="1" extension_auto="1" />
				<Option object_output="obj/Release/" />
				<Option type="3" />
				<Option compiler="gcc" />
				<Option createDefFile="1" />
				<Option createStaticLib="1" />
				<Compiler>
					<Add option="-Wall" />
					<Add option="-DBUILD_DLL" />
					<Add option="-O2" />
				</Compiler>
				<Linker>
					<Add option="-s" />
					<Add library="user32" />
				</Linker>
			</Target>
		</Build>
		<Unit filename="OpenNN/.gitignore" />
		<Unit filename="OpenNN/CMakeLists.txt" />
		<Unit filename="OpenNN/LICENSE.txt" />
		<Unit filename="OpenNN/README.md" />
		<Unit filename="OpenNN/artelnics.png" />
		<Unit filename="OpenNN/blank/CMakeLists.txt" />
		<Unit filename="OpenNN/blank/blank.pro" />
		<Unit filename="OpenNN/blank/main.cpp" />
		<Unit filename="OpenNN/cuda.pri" />
		<Unit filename="OpenNN/eigen/Array" />
		<Unit filename="OpenNN/eigen/CMakeLists.txt" />
		<Unit filename="OpenNN/eigen/Cholesky" />
		<Unit filename="OpenNN/eigen/CholmodSupport" />
		<Unit filename="OpenNN/eigen/Core" />
		<Unit filename="OpenNN/eigen/Dense" />
		<Unit filename="OpenNN/eigen/Eigen" />
		<Unit filename="OpenNN/eigen/Eigen2Support" />
		<Unit filename="OpenNN/eigen/Eigenvalues" />
		<Unit filename="OpenNN/eigen/Geometry" />
		<Unit filename="OpenNN/eigen/Householder" />
		<Unit filename="OpenNN/eigen/IterativeLinearSolvers" />
		<Unit filename="OpenNN/eigen/Jacobi" />
		<Unit filename="OpenNN/eigen/LU" />
		<Unit filename="OpenNN/eigen/LeastSquares" />
		<Unit filename="OpenNN/eigen/MetisSupport" />
		<Unit filename="OpenNN/eigen/OrderingMethods" />
		<Unit filename="OpenNN/eigen/PaStiXSupport" />
		<Unit filename="OpenNN/eigen/PardisoSupport" />
		<Unit filename="OpenNN/eigen/QR" />
		<Unit filename="OpenNN/eigen/QtAlignedMalloc" />
		<Unit filename="OpenNN/eigen/SPQRSupport" />
		<Unit filename="OpenNN/eigen/SVD" />
		<Unit filename="OpenNN/eigen/Sparse" />
		<Unit filename="OpenNN/eigen/SparseCholesky" />
		<Unit filename="OpenNN/eigen/SparseCore" />
		<Unit filename="OpenNN/eigen/SparseLU" />
		<Unit filename="OpenNN/eigen/SparseQR" />
		<Unit filename="OpenNN/eigen/StdDeque" />
		<Unit filename="OpenNN/eigen/StdList" />
		<Unit filename="OpenNN/eigen/StdVector" />
		<Unit filename="OpenNN/eigen/SuperLUSupport" />
		<Unit filename="OpenNN/eigen/UmfPackSupport" />
		<Unit filename="OpenNN/eigen/src/CMakeLists.txt" />
		<Unit filename="OpenNN/eigen/src/Cholesky/CMakeLists.txt" />
		<Unit filename="OpenNN/eigen/src/Cholesky/LDLT.h" />
		<Unit filename="OpenNN/eigen/src/Cholesky/LLT.h" />
		<Unit filename="OpenNN/eigen/src/Cholesky/LLT_MKL.h" />
		<Unit filename="OpenNN/eigen/src/CholmodSupport/CMakeLists.txt" />
		<Unit filename="OpenNN/eigen/src/CholmodSupport/CholmodSupport.h" />
		<Unit filename="OpenNN/eigen/src/Core/Array.h" />
		<Unit filename="OpenNN/eigen/src/Core/ArrayBase.h" />
		<Unit filename="OpenNN/eigen/src/Core/ArrayWrapper.h" />
		<Unit filename="OpenNN/eigen/src/Core/Assign.h" />
		<Unit filename="OpenNN/eigen/src/Core/Assign_MKL.h" />
		<Unit filename="OpenNN/eigen/src/Core/BandMatrix.h" />
		<Unit filename="OpenNN/eigen/src/Core/Block.h" />
		<Unit filename="OpenNN/eigen/src/Core/BooleanRedux.h" />
		<Unit filename="OpenNN/eigen/src/Core/CMakeLists.txt" />
		<Unit filename="OpenNN/eigen/src/Core/CommaInitializer.h" />
		<Unit filename="OpenNN/eigen/src/Core/CoreIterators.h" />
		<Unit filename="OpenNN/eigen/src/Core/CwiseBinaryOp.h" />
		<Unit filename="OpenNN/eigen/src/Core/CwiseNullaryOp.h" />
		<Unit filename="OpenNN/eigen/src/Core/CwiseUnaryOp.h" />
		<Unit filename="OpenNN/eigen/src/Core/CwiseUnaryView.h" />
		<Unit filename="OpenNN/eigen/src/Core/DenseBase.h" />
		<Unit filename="OpenNN/eigen/src/Core/DenseCoeffsBase.h" />
		<Unit filename="OpenNN/eigen/src/Core/DenseStorage.h" />
		<Unit filename="OpenNN/eigen/src/Core/Diagonal.h" />
		<Unit filename="OpenNN/eigen/src/Core/DiagonalMatrix.h" />
		<Unit filename="OpenNN/eigen/src/Core/DiagonalProduct.h" />
		<Unit filename="OpenNN/eigen/src/Core/Dot.h" />
		<Unit filename="OpenNN/eigen/src/Core/EigenBase.h" />
		<Unit filename="OpenNN/eigen/src/Core/Flagged.h" />
		<Unit filename="OpenNN/eigen/src/Core/ForceAlignedAccess.h" />
		<Unit filename="OpenNN/eigen/src/Core/Functors.h" />
		<Unit filename="OpenNN/eigen/src/Core/Fuzzy.h" />
		<Unit filename="OpenNN/eigen/src/Core/GeneralProduct.h" />
		<Unit filename="OpenNN/eigen/src/Core/GenericPacketMath.h" />
		<Unit filename="OpenNN/eigen/src/Core/GlobalFunctions.h" />
		<Unit filename="OpenNN/eigen/src/Core/IO.h" />
		<Unit filename="OpenNN/eigen/src/Core/Map.h" />
		<Unit filename="OpenNN/eigen/src/Core/MapBase.h" />
		<Unit filename="OpenNN/eigen/src/Core/MathFunctions.h" />
		<Unit filename="OpenNN/eigen/src/Core/Matrix.h" />
		<Unit filename="OpenNN/eigen/src/Core/MatrixBase.h" />
		<Unit filename="OpenNN/eigen/src/Core/NestByValue.h" />
		<Unit filename="OpenNN/eigen/src/Core/NoAlias.h" />
		<Unit filename="OpenNN/eigen/src/Core/NumTraits.h" />
		<Unit filename="OpenNN/eigen/src/Core/PermutationMatrix.h" />
		<Unit filename="OpenNN/eigen/src/Core/PlainObjectBase.h" />
		<Unit filename="OpenNN/eigen/src/Core/ProductBase.h" />
		<Unit filename="OpenNN/eigen/src/Core/Random.h" />
		<Unit filename="OpenNN/eigen/src/Core/Redux.h" />
		<Unit filename="OpenNN/eigen/src/Core/Ref.h" />
		<Unit filename="OpenNN/eigen/src/Core/Replicate.h" />
		<Unit filename="OpenNN/eigen/src/Core/ReturnByValue.h" />
		<Unit filename="OpenNN/eigen/src/Core/Reverse.h" />
		<Unit filename="OpenNN/eigen/src/Core/Select.h" />
		<Unit filename="OpenNN/eigen/src/Core/SelfAdjointView.h" />
		<Unit filename="OpenNN/eigen/src/Core/SelfCwiseBinaryOp.h" />
		<Unit filename="OpenNN/eigen/src/Core/SolveTriangular.h" />
		<Unit filename="OpenNN/eigen/src/Core/StableNorm.h" />
		<Unit filename="OpenNN/eigen/src/Core/Stride.h" />
		<Unit filename="OpenNN/eigen/src/Core/Swap.h" />
		<Unit filename="OpenNN/eigen/src/Core/Transpose.h" />
		<Unit filename="OpenNN/eigen/src/Core/Transpositions.h" />
		<Unit filename="OpenNN/eigen/src/Core/TriangularMatrix.h" />
		<Unit filename="OpenNN/eigen/src/Core/VectorBlock.h" />
		<Unit filename="OpenNN/eigen/src/Core/VectorwiseOp.h" />
		<Unit filename="OpenNN/eigen/src/Core/Visitor.h" />
		<Unit filename="OpenNN/eigen/src/Core/arch/AltiVec/CMakeLists.txt" />
		<Unit filename="OpenNN/eigen/src/Core/arch/AltiVec/Complex.h" />
		<Unit filename="OpenNN/eigen/src/Core/arch/AltiVec/PacketMath.h" />
		<Unit filename="OpenNN/eigen/src/Core/arch/CMakeLists.txt" />
		<Unit filename="OpenNN/eigen/src/Core/arch/Default/CMakeLists.txt" />
		<Unit filename="OpenNN/eigen/src/Core/arch/Default/Settings.h" />
		<Unit filename="OpenNN/eigen/src/Core/arch/NEON/CMakeLists.txt" />
		<Unit filename="OpenNN/eigen/src/Core/arch/NEON/Complex.h" />
		<Unit filename="OpenNN/eigen/src/Core/arch/NEON/PacketMath.h" />
		<Unit filename="OpenNN/eigen/src/Core/arch/SSE/CMakeLists.txt" />
		<Unit filename="OpenNN/eigen/src/Core/arch/SSE/Complex.h" />
		<Unit filename="OpenNN/eigen/src/Core/arch/SSE/MathFunctions.h" />
		<Unit filename="OpenNN/eigen/src/Core/arch/SSE/PacketMath.h" />
		<Unit filename="OpenNN/eigen/src/Core/products/CMakeLists.txt" />
		<Unit filename="OpenNN/eigen/src/Core/products/CoeffBasedProduct.h" />
		<Unit filename="OpenNN/eigen/src/Core/products/GeneralBlockPanelKernel.h" />
		<Unit filename="OpenNN/eigen/src/Core/products/GeneralMatrixMatrix.h" />
		<Unit filename="OpenNN/eigen/src/Core/products/GeneralMatrixMatrixTriangular.h" />
		<Unit filename="OpenNN/eigen/src/Core/products/GeneralMatrixMatrixTriangular_MKL.h" />
		<Unit filename="OpenNN/eigen/src/Core/products/GeneralMatrixMatrix_MKL.h" />
		<Unit filename="OpenNN/eigen/src/Core/products/GeneralMatrixVector.h" />
		<Unit filename="OpenNN/eigen/src/Core/products/GeneralMatrixVector_MKL.h" />
		<Unit filename="OpenNN/eigen/src/Core/products/Parallelizer.h" />
		<Unit filename="OpenNN/eigen/src/Core/products/SelfadjointMatrixMatrix.h" />
		<Unit filename="OpenNN/eigen/src/Core/products/SelfadjointMatrixMatrix_MKL.h" />
		<Unit filename="OpenNN/eigen/src/Core/products/SelfadjointMatrixVector.h" />
		<Unit filename="OpenNN/eigen/src/Core/products/SelfadjointMatrixVector_MKL.h" />
		<Unit filename="OpenNN/eigen/src/Core/products/SelfadjointProduct.h" />
		<Unit filename="OpenNN/eigen/src/Core/products/SelfadjointRank2Update.h" />
		<Unit filename="OpenNN/eigen/src/Core/products/TriangularMatrixMatrix.h" />
		<Unit filename="OpenNN/eigen/src/Core/products/TriangularMatrixMatrix_MKL.h" />
		<Unit filename="OpenNN/eigen/src/Core/products/TriangularMatrixVector.h" />
		<Unit filename="OpenNN/eigen/src/Core/products/TriangularMatrixVector_MKL.h" />
		<Unit filename="OpenNN/eigen/src/Core/products/TriangularSolverMatrix.h" />
		<Unit filename="OpenNN/eigen/src/Core/products/TriangularSolverMatrix_MKL.h" />
		<Unit filename="OpenNN/eigen/src/Core/products/TriangularSolverVector.h" />
		<Unit filename="OpenNN/eigen/src/Core/util/BlasUtil.h" />
		<Unit filename="OpenNN/eigen/src/Core/util/CMakeLists.txt" />
		<Unit filename="OpenNN/eigen/src/Core/util/Constants.h" />
		<Unit filename="OpenNN/eigen/src/Core/util/DisableStupidWarnings.h" />
		<Unit filename="OpenNN/eigen/src/Core/util/ForwardDeclarations.h" />
		<Unit filename="OpenNN/eigen/src/Core/util/MKL_support.h" />
		<Unit filename="OpenNN/eigen/src/Core/util/Macros.h" />
		<Unit filename="OpenNN/eigen/src/Core/util/Memory.h" />
		<Unit filename="OpenNN/eigen/src/Core/util/Meta.h" />
		<Unit filename="OpenNN/eigen/src/Core/util/NonMPL2.h" />
		<Unit filename="OpenNN/eigen/src/Core/util/ReenableStupidWarnings.h" />
		<Unit filename="OpenNN/eigen/src/Core/util/StaticAssert.h" />
		<Unit filename="OpenNN/eigen/src/Core/util/XprHelper.h" />
		<Unit filename="OpenNN/eigen/src/Eigen2Support/Block.h" />
		<Unit filename="OpenNN/eigen/src/Eigen2Support/CMakeLists.txt" />
		<Unit filename="OpenNN/eigen/src/Eigen2Support/Cwise.h" />
		<Unit filename="OpenNN/eigen/src/Eigen2Support/CwiseOperators.h" />
		<Unit filename="OpenNN/eigen/src/Eigen2Support/Geometry/AlignedBox.h" />
		<Unit filename="OpenNN/eigen/src/Eigen2Support/Geometry/All.h" />
		<Unit filename="OpenNN/eigen/src/Eigen2Support/Geometry/AngleAxis.h" />
		<Unit filename="OpenNN/eigen/src/Eigen2Support/Geometry/CMakeLists.txt" />
		<Unit filename="OpenNN/eigen/src/Eigen2Support/Geometry/Hyperplane.h" />
		<Unit filename="OpenNN/eigen/src/Eigen2Support/Geometry/ParametrizedLine.h" />
		<Unit filename="OpenNN/eigen/src/Eigen2Support/Geometry/Quaternion.h" />
		<Unit filename="OpenNN/eigen/src/Eigen2Support/Geometry/Rotation2D.h" />
		<Unit filename="OpenNN/eigen/src/Eigen2Support/Geometry/RotationBase.h" />
		<Unit filename="OpenNN/eigen/src/Eigen2Support/Geometry/Scaling.h" />
		<Unit filename="OpenNN/eigen/src/Eigen2Support/Geometry/Transform.h" />
		<Unit filename="OpenNN/eigen/src/Eigen2Support/Geometry/Translation.h" />
		<Unit filename="OpenNN/eigen/src/Eigen2Support/LU.h" />
		<Unit filename="OpenNN/eigen/src/Eigen2Support/Lazy.h" />
		<Unit filename="OpenNN/eigen/src/Eigen2Support/LeastSquares.h" />
		<Unit filename="OpenNN/eigen/src/Eigen2Support/Macros.h" />
		<Unit filename="OpenNN/eigen/src/Eigen2Support/MathFunctions.h" />
		<Unit filename="OpenNN/eigen/src/Eigen2Support/Memory.h" />
		<Unit filename="OpenNN/eigen/src/Eigen2Support/Meta.h" />
		<Unit filename="OpenNN/eigen/src/Eigen2Support/Minor.h" />
		<Unit filename="OpenNN/eigen/src/Eigen2Support/QR.h" />
		<Unit filename="OpenNN/eigen/src/Eigen2Support/SVD.h" />
		<Unit filename="OpenNN/eigen/src/Eigen2Support/TriangularSolver.h" />
		<Unit filename="OpenNN/eigen/src/Eigen2Support/VectorBlock.h" />
		<Unit filename="OpenNN/eigen/src/Eigenvalues/CMakeLists.txt" />
		<Unit filename="OpenNN/eigen/src/Eigenvalues/ComplexEigenSolver.h" />
		<Unit filename="OpenNN/eigen/src/Eigenvalues/ComplexSchur.h" />
		<Unit filename="OpenNN/eigen/src/Eigenvalues/ComplexSchur_MKL.h" />
		<Unit filename="OpenNN/eigen/src/Eigenvalues/EigenSolver.h" />
		<Unit filename="OpenNN/eigen/src/Eigenvalues/GeneralizedEigenSolver.h" />
		<Unit filename="OpenNN/eigen/src/Eigenvalues/GeneralizedSelfAdjointEigenSolver.h" />
		<Unit filename="OpenNN/eigen/src/Eigenvalues/HessenbergDecomposition.h" />
		<Unit filename="OpenNN/eigen/src/Eigenvalues/MatrixBaseEigenvalues.h" />
		<Unit filename="OpenNN/eigen/src/Eigenvalues/RealQZ.h" />
		<Unit filename="OpenNN/eigen/src/Eigenvalues/RealSchur.h" />
		<Unit filename="OpenNN/eigen/src/Eigenvalues/RealSchur_MKL.h" />
		<Unit filename="OpenNN/eigen/src/Eigenvalues/SelfAdjointEigenSolver.h" />
		<Unit filename="OpenNN/eigen/src/Eigenvalues/SelfAdjointEigenSolver_MKL.h" />
		<Unit filename="OpenNN/eigen/src/Eigenvalues/Tridiagonalization.h" />
		<Unit filename="OpenNN/eigen/src/Geometry/AlignedBox.h" />
		<Unit filename="OpenNN/eigen/src/Geometry/AngleAxis.h" />
		<Unit filename="OpenNN/eigen/src/Geometry/CMakeLists.txt" />
		<Unit filename="OpenNN/eigen/src/Geometry/EulerAngles.h" />
		<Unit filename="OpenNN/eigen/src/Geometry/Homogeneous.h" />
		<Unit filename="OpenNN/eigen/src/Geometry/Hyperplane.h" />
		<Unit filename="OpenNN/eigen/src/Geometry/OrthoMethods.h" />
		<Unit filename="OpenNN/eigen/src/Geometry/ParametrizedLine.h" />
		<Unit filename="OpenNN/eigen/src/Geometry/Quaternion.h" />
		<Unit filename="OpenNN/eigen/src/Geometry/Rotation2D.h" />
		<Unit filename="OpenNN/eigen/src/Geometry/RotationBase.h" />
		<Unit filename="OpenNN/eigen/src/Geometry/Scaling.h" />
		<Unit filename="OpenNN/eigen/src/Geometry/Transform.h" />
		<Unit filename="OpenNN/eigen/src/Geometry/Translation.h" />
		<Unit filename="OpenNN/eigen/src/Geometry/Umeyama.h" />
		<Unit filename="OpenNN/eigen/src/Geometry/arch/CMakeLists.txt" />
		<Unit filename="OpenNN/eigen/src/Geometry/arch/Geometry_SSE.h" />
		<Unit filename="OpenNN/eigen/src/Householder/BlockHouseholder.h" />
		<Unit filename="OpenNN/eigen/src/Householder/CMakeLists.txt" />
		<Unit filename="OpenNN/eigen/src/Householder/Householder.h" />
		<Unit filename="OpenNN/eigen/src/Householder/HouseholderSequence.h" />
		<Unit filename="OpenNN/eigen/src/IterativeLinearSolvers/BasicPreconditioners.h" />
		<Unit filename="OpenNN/eigen/src/IterativeLinearSolvers/BiCGSTAB.h" />
		<Unit filename="OpenNN/eigen/src/IterativeLinearSolvers/CMakeLists.txt" />
		<Unit filename="OpenNN/eigen/src/IterativeLinearSolvers/ConjugateGradient.h" />
		<Unit filename="OpenNN/eigen/src/IterativeLinearSolvers/IncompleteLUT.h" />
		<Unit filename="OpenNN/eigen/src/IterativeLinearSolvers/IterativeSolverBase.h" />
		<Unit filename="OpenNN/eigen/src/Jacobi/CMakeLists.txt" />
		<Unit filename="OpenNN/eigen/src/Jacobi/Jacobi.h" />
		<Unit filename="OpenNN/eigen/src/LU/CMakeLists.txt" />
		<Unit filename="OpenNN/eigen/src/LU/Determinant.h" />
		<Unit filename="OpenNN/eigen/src/LU/FullPivLU.h" />
		<Unit filename="OpenNN/eigen/src/LU/Inverse.h" />
		<Unit filename="OpenNN/eigen/src/LU/PartialPivLU.h" />
		<Unit filename="OpenNN/eigen/src/LU/PartialPivLU_MKL.h" />
		<Unit filename="OpenNN/eigen/src/LU/arch/CMakeLists.txt" />
		<Unit filename="OpenNN/eigen/src/LU/arch/Inverse_SSE.h" />
		<Unit filename="OpenNN/eigen/src/MetisSupport/CMakeLists.txt" />
		<Unit filename="OpenNN/eigen/src/MetisSupport/MetisSupport.h" />
		<Unit filename="OpenNN/eigen/src/OrderingMethods/Amd.h" />
		<Unit filename="OpenNN/eigen/src/OrderingMethods/CMakeLists.txt" />
		<Unit filename="OpenNN/eigen/src/OrderingMethods/Eigen_Colamd.h" />
		<Unit filename="OpenNN/eigen/src/OrderingMethods/Ordering.h" />
		<Unit filename="OpenNN/eigen/src/PaStiXSupport/CMakeLists.txt" />
		<Unit filename="OpenNN/eigen/src/PaStiXSupport/PaStiXSupport.h" />
		<Unit filename="OpenNN/eigen/src/PardisoSupport/CMakeLists.txt" />
		<Unit filename="OpenNN/eigen/src/PardisoSupport/PardisoSupport.h" />
		<Unit filename="OpenNN/eigen/src/QR/CMakeLists.txt" />
		<Unit filename="OpenNN/eigen/src/QR/ColPivHouseholderQR.h" />
		<Unit filename="OpenNN/eigen/src/QR/ColPivHouseholderQR_MKL.h" />
		<Unit filename="OpenNN/eigen/src/QR/FullPivHouseholderQR.h" />
		<Unit filename="OpenNN/eigen/src/QR/HouseholderQR.h" />
		<Unit filename="OpenNN/eigen/src/QR/HouseholderQR_MKL.h" />
		<Unit filename="OpenNN/eigen/src/SPQRSupport/CMakeLists.txt" />
		<Unit filename="OpenNN/eigen/src/SPQRSupport/SuiteSparseQRSupport.h" />
		<Unit filename="OpenNN/eigen/src/SVD/CMakeLists.txt" />
		<Unit filename="OpenNN/eigen/src/SVD/JacobiSVD.h" />
		<Unit filename="OpenNN/eigen/src/SVD/JacobiSVD_MKL.h" />
		<Unit filename="OpenNN/eigen/src/SVD/UpperBidiagonalization.h" />
		<Unit filename="OpenNN/eigen/src/SparseCholesky/CMakeLists.txt" />
		<Unit filename="OpenNN/eigen/src/SparseCholesky/SimplicialCholesky.h" />
		<Unit filename="OpenNN/eigen/src/SparseCholesky/SimplicialCholesky_impl.h" />
		<Unit filename="OpenNN/eigen/src/SparseCore/AmbiVector.h" />
		<Unit filename="OpenNN/eigen/src/SparseCore/CMakeLists.txt" />
		<Unit filename="OpenNN/eigen/src/SparseCore/CompressedStorage.h" />
		<Unit filename="OpenNN/eigen/src/SparseCore/ConservativeSparseSparseProduct.h" />
		<Unit filename="OpenNN/eigen/src/SparseCore/MappedSparseMatrix.h" />
		<Unit filename="OpenNN/eigen/src/SparseCore/SparseBlock.h" />
		<Unit filename="OpenNN/eigen/src/SparseCore/SparseColEtree.h" />
		<Unit filename="OpenNN/eigen/src/SparseCore/SparseCwiseBinaryOp.h" />
		<Unit filename="OpenNN/eigen/src/SparseCore/SparseCwiseUnaryOp.h" />
		<Unit filename="OpenNN/eigen/src/SparseCore/SparseDenseProduct.h" />
		<Unit filename="OpenNN/eigen/src/SparseCore/SparseDiagonalProduct.h" />
		<Unit filename="OpenNN/eigen/src/SparseCore/SparseDot.h" />
		<Unit filename="OpenNN/eigen/src/SparseCore/SparseFuzzy.h" />
		<Unit filename="OpenNN/eigen/src/SparseCore/SparseMatrix.h" />
		<Unit filename="OpenNN/eigen/src/SparseCore/SparseMatrixBase.h" />
		<Unit filename="OpenNN/eigen/src/SparseCore/SparsePermutation.h" />
		<Unit filename="OpenNN/eigen/src/SparseCore/SparseProduct.h" />
		<Unit filename="OpenNN/eigen/src/SparseCore/SparseRedux.h" />
		<Unit filename="OpenNN/eigen/src/SparseCore/SparseSelfAdjointView.h" />
		<Unit filename="OpenNN/eigen/src/SparseCore/SparseSparseProductWithPruning.h" />
		<Unit filename="OpenNN/eigen/src/SparseCore/SparseTranspose.h" />
		<Unit filename="OpenNN/eigen/src/SparseCore/SparseTriangularView.h" />
		<Unit filename="OpenNN/eigen/src/SparseCore/SparseUtil.h" />
		<Unit filename="OpenNN/eigen/src/SparseCore/SparseVector.h" />
		<Unit filename="OpenNN/eigen/src/SparseCore/SparseView.h" />
		<Unit filename="OpenNN/eigen/src/SparseCore/TriangularSolver.h" />
		<Unit filename="OpenNN/eigen/src/SparseLU/CMakeLists.txt" />
		<Unit filename="OpenNN/eigen/src/SparseLU/SparseLU.h" />
		<Unit filename="OpenNN/eigen/src/SparseLU/SparseLUImpl.h" />
		<Unit filename="OpenNN/eigen/src/SparseLU/SparseLU_Memory.h" />
		<Unit filename="OpenNN/eigen/src/SparseLU/SparseLU_Structs.h" />
		<Unit filename="OpenNN/eigen/src/SparseLU/SparseLU_SupernodalMatrix.h" />
		<Unit filename="OpenNN/eigen/src/SparseLU/SparseLU_Utils.h" />
		<Unit filename="OpenNN/eigen/src/SparseLU/SparseLU_column_bmod.h" />
		<Unit filename="OpenNN/eigen/src/SparseLU/SparseLU_column_dfs.h" />
		<Unit filename="OpenNN/eigen/src/SparseLU/SparseLU_copy_to_ucol.h" />
		<Unit filename="OpenNN/eigen/src/SparseLU/SparseLU_gemm_kernel.h" />
		<Unit filename="OpenNN/eigen/src/SparseLU/SparseLU_heap_relax_snode.h" />
		<Unit filename="OpenNN/eigen/src/SparseLU/SparseLU_kernel_bmod.h" />
		<Unit filename="OpenNN/eigen/src/SparseLU/SparseLU_panel_bmod.h" />
		<Unit filename="OpenNN/eigen/src/SparseLU/SparseLU_panel_dfs.h" />
		<Unit filename="OpenNN/eigen/src/SparseLU/SparseLU_pivotL.h" />
		<Unit filename="OpenNN/eigen/src/SparseLU/SparseLU_pruneL.h" />
		<Unit filename="OpenNN/eigen/src/SparseLU/SparseLU_relax_snode.h" />
		<Unit filename="OpenNN/eigen/src/SparseQR/CMakeLists.txt" />
		<Unit filename="OpenNN/eigen/src/SparseQR/SparseQR.h" />
		<Unit filename="OpenNN/eigen/src/StlSupport/CMakeLists.txt" />
		<Unit filename="OpenNN/eigen/src/StlSupport/StdDeque.h" />
		<Unit filename="OpenNN/eigen/src/StlSupport/StdList.h" />
		<Unit filename="OpenNN/eigen/src/StlSupport/StdVector.h" />
		<Unit filename="OpenNN/eigen/src/StlSupport/details.h" />
		<Unit filename="OpenNN/eigen/src/SuperLUSupport/CMakeLists.txt" />
		<Unit filename="OpenNN/eigen/src/SuperLUSupport/SuperLUSupport.h" />
		<Unit filename="OpenNN/eigen/src/UmfPackSupport/CMakeLists.txt" />
		<Unit filename="OpenNN/eigen/src/UmfPackSupport/UmfPackSupport.h" />
		<Unit filename="OpenNN/eigen/src/misc/CMakeLists.txt" />
		<Unit filename="OpenNN/eigen/src/misc/Image.h" />
		<Unit filename="OpenNN/eigen/src/misc/Kernel.h" />
		<Unit filename="OpenNN/eigen/src/misc/Solve.h" />
		<Unit filename="OpenNN/eigen/src/misc/SparseSolve.h" />
		<Unit filename="OpenNN/eigen/src/misc/blas.h" />
		<Unit filename="OpenNN/eigen/src/plugins/ArrayCwiseBinaryOps.h" />
		<Unit filename="OpenNN/eigen/src/plugins/ArrayCwiseUnaryOps.h" />
		<Unit filename="OpenNN/eigen/src/plugins/BlockMethods.h" />
		<Unit filename="OpenNN/eigen/src/plugins/CMakeLists.txt" />
		<Unit filename="OpenNN/eigen/src/plugins/CommonCwiseBinaryOps.h" />
		<Unit filename="OpenNN/eigen/src/plugins/CommonCwiseUnaryOps.h" />
		<Unit filename="OpenNN/eigen/src/plugins/MatrixCwiseBinaryOps.h" />
		<Unit filename="OpenNN/eigen/src/plugins/MatrixCwiseUnaryOps.h" />
		<Unit filename="OpenNN/examples/CMakeLists.txt" />
		<Unit filename="OpenNN/examples/airfoil_self_noise/CMakeLists.txt" />
		<Unit filename="OpenNN/examples/airfoil_self_noise/airfoil_self_noise.pro" />
		<Unit filename="OpenNN/examples/airfoil_self_noise/data/airfoil_self_noise.dat" />
		<Unit filename="OpenNN/examples/airfoil_self_noise/data/data_set.xml" />
		<Unit filename="OpenNN/examples/airfoil_self_noise/data/expression.txt" />
		<Unit filename="OpenNN/examples/airfoil_self_noise/data/linear_regression_analysis_results.dat" />
		<Unit filename="OpenNN/examples/airfoil_self_noise/data/neural_network.xml" />
		<Unit filename="OpenNN/examples/airfoil_self_noise/data/performance_functional.xml" />
		<Unit filename="OpenNN/examples/airfoil_self_noise/data/training_strategy.xml" />
		<Unit filename="OpenNN/examples/airfoil_self_noise/data/training_strategy_results.dat" />
		<Unit filename="OpenNN/examples/airfoil_self_noise/main.cpp" />
		<Unit filename="OpenNN/examples/breast_cancer/CMakeLists.txt" />
		<Unit filename="OpenNN/examples/breast_cancer/breast_cancer.pro" />
		<Unit filename="OpenNN/examples/breast_cancer/data/binary_classification_tests.dat" />
		<Unit filename="OpenNN/examples/breast_cancer/data/breast_cancer.dat" />
		<Unit filename="OpenNN/examples/breast_cancer/data/confusion.dat" />
		<Unit filename="OpenNN/examples/breast_cancer/data/data_set.xml" />
		<Unit filename="OpenNN/examples/breast_cancer/data/expression.txt" />
		<Unit filename="OpenNN/examples/breast_cancer/data/model_selection.xml" />
		<Unit filename="OpenNN/examples/breast_cancer/data/model_selection_results.dat" />
		<Unit filename="OpenNN/examples/breast_cancer/data/neural_network.xml" />
		<Unit filename="OpenNN/examples/breast_cancer/data/training_strategy.xml" />
		<Unit filename="OpenNN/examples/breast_cancer/main.cpp" />
		<Unit filename="OpenNN/examples/examples.pro" />
		<Unit filename="OpenNN/examples/iris_plant/CMakeLists.txt" />
		<Unit filename="OpenNN/examples/iris_plant/data/confusion.dat" />
		<Unit filename="OpenNN/examples/iris_plant/data/data_set.xml" />
		<Unit filename="OpenNN/examples/iris_plant/data/expression.txt" />
		<Unit filename="OpenNN/examples/iris_plant/data/iris_plant.dat" />
		<Unit filename="OpenNN/examples/iris_plant/data/model_selection.xml" />
		<Unit filename="OpenNN/examples/iris_plant/data/model_selection_results.dat" />
		<Unit filename="OpenNN/examples/iris_plant/data/neural_network.xml" />
		<Unit filename="OpenNN/examples/iris_plant/data/training_strategy.xml" />
		<Unit filename="OpenNN/examples/iris_plant/iris_plant.pro" />
		<Unit filename="OpenNN/examples/iris_plant/main.cpp" />
		<Unit filename="OpenNN/examples/leukemia/CMakeLists.txt" />
		<Unit filename="OpenNN/examples/leukemia/data/confusion.dat" />
		<Unit filename="OpenNN/examples/leukemia/data/data_set.xml" />
		<Unit filename="OpenNN/examples/leukemia/data/leukemia.dat" />
		<Unit filename="OpenNN/examples/leukemia/data/model_selection.xml" />
		<Unit filename="OpenNN/examples/leukemia/data/model_selection_results.dat" />
		<Unit filename="OpenNN/examples/leukemia/data/neural_network.xml" />
		<Unit filename="OpenNN/examples/leukemia/data/training_strategy.xml" />
		<Unit filename="OpenNN/examples/leukemia/leukemia.pro" />
		<Unit filename="OpenNN/examples/leukemia/main.cpp" />
		<Unit filename="OpenNN/examples/logical_operations/CMakeLists.txt" />
		<Unit filename="OpenNN/examples/logical_operations/data/data_set.xml" />
		<Unit filename="OpenNN/examples/logical_operations/data/logical_operations.dat" />
		<Unit filename="OpenNN/examples/logical_operations/data/neural_network.xml" />
		<Unit filename="OpenNN/examples/logical_operations/data/performance_functional.xml" />
		<Unit filename="OpenNN/examples/logical_operations/data/training_strategy.xml" />
		<Unit filename="OpenNN/examples/logical_operations/logical_operations.pro" />
		<Unit filename="OpenNN/examples/logical_operations/main.cpp" />
		<Unit filename="OpenNN/examples/pima_indians_diabetes/CMakeLists.txt" />
		<Unit filename="OpenNN/examples/pima_indians_diabetes/data/binary_classification_tests.dat" />
		<Unit filename="OpenNN/examples/pima_indians_diabetes/data/confusion.dat" />
		<Unit filename="OpenNN/examples/pima_indians_diabetes/data/data_set.xml" />
		<Unit filename="OpenNN/examples/pima_indians_diabetes/data/expression.txt" />
		<Unit filename="OpenNN/examples/pima_indians_diabetes/data/neural_network.xml" />
		<Unit filename="OpenNN/examples/pima_indians_diabetes/data/pima_indians_diabetes.dat" />
		<Unit filename="OpenNN/examples/pima_indians_diabetes/data/training_strategy.xml" />
		<Unit filename="OpenNN/examples/pima_indians_diabetes/data/training_strategy_results.dat" />
		<Unit filename="OpenNN/examples/pima_indians_diabetes/main.cpp" />
		<Unit filename="OpenNN/examples/pima_indians_diabetes/pima_indians_diabetes.pro" />
		<Unit filename="OpenNN/examples/simple_function_regression/CMakeLists.txt" />
		<Unit filename="OpenNN/examples/simple_function_regression/data/data_set.xml" />
		<Unit filename="OpenNN/examples/simple_function_regression/data/expression.txt" />
		<Unit filename="OpenNN/examples/simple_function_regression/data/linear_regression_analysis_results.dat" />
		<Unit filename="OpenNN/examples/simple_function_regression/data/neural_network.xml" />
		<Unit filename="OpenNN/examples/simple_function_regression/data/performance_functional.xml" />
		<Unit filename="OpenNN/examples/simple_function_regression/data/simple_function_regression.dat" />
		<Unit filename="OpenNN/examples/simple_function_regression/data/simplefunctionregression.dat" />
		<Unit filename="OpenNN/examples/simple_function_regression/data/training_strategy.xml" />
		<Unit filename="OpenNN/examples/simple_function_regression/data/training_strategy_results.dat" />
		<Unit filename="OpenNN/examples/simple_function_regression/main.cpp" />
		<Unit filename="OpenNN/examples/simple_function_regression/simple_function_regression.pro" />
		<Unit filename="OpenNN/examples/simple_pattern_recognition/CMakeLists.txt" />
		<Unit filename="OpenNN/examples/simple_pattern_recognition/data/binary_classification_tests.dat" />
		<Unit filename="OpenNN/examples/simple_pattern_recognition/data/confusion.dat" />
		<Unit filename="OpenNN/examples/simple_pattern_recognition/data/data_set.xml" />
		<Unit filename="OpenNN/examples/simple_pattern_recognition/data/expression.txt" />
		<Unit filename="OpenNN/examples/simple_pattern_recognition/data/neural_network.xml" />
		<Unit filename="OpenNN/examples/simple_pattern_recognition/data/performance_functional.xml" />
		<Unit filename="OpenNN/examples/simple_pattern_recognition/data/simple_pattern_recognition.dat" />
		<Unit filename="OpenNN/examples/simple_pattern_recognition/data/training_strategy.xml" />
		<Unit filename="OpenNN/examples/simple_pattern_recognition/data/training_strategy_results.dat" />
		<Unit filename="OpenNN/examples/simple_pattern_recognition/main.cpp" />
		<Unit filename="OpenNN/examples/simple_pattern_recognition/simple_pattern_recognition.pro" />
		<Unit filename="OpenNN/examples/urinary_inflammations_diagnosis/CMakeLists.txt" />
		<Unit filename="OpenNN/examples/urinary_inflammations_diagnosis/data/confusion.dat" />
		<Unit filename="OpenNN/examples/urinary_inflammations_diagnosis/data/data_set.xml" />
		<Unit filename="OpenNN/examples/urinary_inflammations_diagnosis/data/expression.txt" />
		<Unit filename="OpenNN/examples/urinary_inflammations_diagnosis/data/model_selection.xml" />
		<Unit filename="OpenNN/examples/urinary_inflammations_diagnosis/data/model_selection_results.dat" />
		<Unit filename="OpenNN/examples/urinary_inflammations_diagnosis/data/neural_network.xml" />
		<Unit filename="OpenNN/examples/urinary_inflammations_diagnosis/data/training_strategy.xml" />
		<Unit filename="OpenNN/examples/urinary_inflammations_diagnosis/data/urinary_inflammations_diagnosis.dat" />
		<Unit filename="OpenNN/examples/urinary_inflammations_diagnosis/main.cpp" />
		<Unit filename="OpenNN/examples/urinary_inflammations_diagnosis/urinary_inflammations_diagnosis.pro" />
		<Unit filename="OpenNN/examples/yacht_hydrodynamics_design/CMakeLists.txt" />
		<Unit filename="OpenNN/examples/yacht_hydrodynamics_design/data/data_set.xml" />
		<Unit filename="OpenNN/examples/yacht_hydrodynamics_design/data/expression.txt" />
		<Unit filename="OpenNN/examples/yacht_hydrodynamics_design/data/linear_regression_analysis_results.dat" />
		<Unit filename="OpenNN/examples/yacht_hydrodynamics_design/data/neural_network.xml" />
		<Unit filename="OpenNN/examples/yacht_hydrodynamics_design/data/training_strategy.xml" />
		<Unit filename="OpenNN/examples/yacht_hydrodynamics_design/data/training_strategy_results.dat" />
		<Unit filename="OpenNN/examples/yacht_hydrodynamics_design/data/yacht_resistance.dat" />
		<Unit filename="OpenNN/examples/yacht_hydrodynamics_design/data/yachtresistance.dat" />
		<Unit filename="OpenNN/examples/yacht_hydrodynamics_design/main.cpp" />
		<Unit filename="OpenNN/examples/yacht_hydrodynamics_design/yacht_hydrodynamics_design.pro" />
		<Unit filename="OpenNN/examples/yacht_hydrodynamics_production/CMakeLists.txt" />
		<Unit filename="OpenNN/examples/yacht_hydrodynamics_production/data/neural_network.xml" />
		<Unit filename="OpenNN/examples/yacht_hydrodynamics_production/main.cpp" />
		<Unit filename="OpenNN/examples/yacht_hydrodynamics_production/yacht_hydrodynamics_production.pro" />
		<Unit filename="OpenNN/license/eigen_license.pdf" />
		<Unit filename="OpenNN/license/opennn_license.pdf" />
		<Unit filename="OpenNN/license/tinyxml2_license.pdf" />
		<Unit filename="OpenNN/mpi.pri" />
		<Unit filename="OpenNN/opennn.pro" />
		<Unit filename="OpenNN/opennn/CMakeLists.txt" />
		<Unit filename="OpenNN/opennn/ant_colony_optimization.cpp" />
		<Unit filename="OpenNN/opennn/ant_colony_optimization.h" />
		<Unit filename="OpenNN/opennn/bounding_layer.cpp" />
		<Unit filename="OpenNN/opennn/bounding_layer.h" />
		<Unit filename="OpenNN/opennn/conditions_layer.cpp" />
		<Unit filename="OpenNN/opennn/conditions_layer.h" />
		<Unit filename="OpenNN/opennn/conjugate_gradient.cpp" />
		<Unit filename="OpenNN/opennn/conjugate_gradient.h" />
		<Unit filename="OpenNN/opennn/cross_entropy_error.cpp" />
		<Unit filename="OpenNN/opennn/cross_entropy_error.h" />
		<Unit filename="OpenNN/opennn/data_set.cpp" />
		<Unit filename="OpenNN/opennn/data_set.h" />
		<Unit filename="OpenNN/opennn/error_term.cpp" />
		<Unit filename="OpenNN/opennn/error_term.h" />
		<Unit filename="OpenNN/opennn/evolutionary_algorithm.cpp" />
		<Unit filename="OpenNN/opennn/evolutionary_algorithm.h" />
		<Unit filename="OpenNN/opennn/f1_score_optimization_threshold.cpp" />
		<Unit filename="OpenNN/opennn/f1_score_optimization_threshold.h" />
		<Unit filename="OpenNN/opennn/genetic_algorithm.cpp" />
		<Unit filename="OpenNN/opennn/genetic_algorithm.h" />
		<Unit filename="OpenNN/opennn/golden_section_order.cpp" />
		<Unit filename="OpenNN/opennn/golden_section_order.h" />
		<Unit filename="OpenNN/opennn/gradient_descent.cpp" />
		<Unit filename="OpenNN/opennn/gradient_descent.h" />
		<Unit filename="OpenNN/opennn/growing_inputs.cpp" />
		<Unit filename="OpenNN/opennn/growing_inputs.h" />
		<Unit filename="OpenNN/opennn/incremental_order.cpp" />
		<Unit filename="OpenNN/opennn/incremental_order.h" />
		<Unit filename="OpenNN/opennn/independent_parameters.cpp" />
		<Unit filename="OpenNN/opennn/independent_parameters.h" />
		<Unit filename="OpenNN/opennn/informedness_optimization_threshold.cpp" />
		<Unit filename="OpenNN/opennn/informedness_optimization_threshold.h" />
		<Unit filename="OpenNN/opennn/inputs.cpp" />
		<Unit filename="OpenNN/opennn/inputs.h" />
		<Unit filename="OpenNN/opennn/inputs_selection_algorithm.cpp" />
		<Unit filename="OpenNN/opennn/inputs_selection_algorithm.h" />
		<Unit filename="OpenNN/opennn/instances.cpp" />
		<Unit filename="OpenNN/opennn/instances.h" />
		<Unit filename="OpenNN/opennn/kappa_coefficient_optimization_threshold.cpp" />
		<Unit filename="OpenNN/opennn/kappa_coefficient_optimization_threshold.h" />
		<Unit filename="OpenNN/opennn/levenberg_marquardt_algorithm.cpp" />
		<Unit filename="OpenNN/opennn/levenberg_marquardt_algorithm.h" />
		<Unit filename="OpenNN/opennn/loss_index.cpp" />
		<Unit filename="OpenNN/opennn/loss_index.h" />
		<Unit filename="OpenNN/opennn/mathematical_model.cpp" />
		<Unit filename="OpenNN/opennn/mathematical_model.h" />
		<Unit filename="OpenNN/opennn/matrix.h" />
		<Unit filename="OpenNN/opennn/matthew_correlation_optimization_threshold.cpp" />
		<Unit filename="OpenNN/opennn/matthew_correlation_optimization_threshold.h" />
		<Unit filename="OpenNN/opennn/mean_squared_error.cpp" />
		<Unit filename="OpenNN/opennn/mean_squared_error.h" />
		<Unit filename="OpenNN/opennn/minkowski_error.cpp" />
		<Unit filename="OpenNN/opennn/minkowski_error.h" />
		<Unit filename="OpenNN/opennn/missing_values.cpp" />
		<Unit filename="OpenNN/opennn/missing_values.h" />
		<Unit filename="OpenNN/opennn/model_selection.cpp" />
		<Unit filename="OpenNN/opennn/model_selection.h" />
		<Unit filename="OpenNN/opennn/multilayer_perceptron.cpp" />
		<Unit filename="OpenNN/opennn/multilayer_perceptron.h" />
		<Unit filename="OpenNN/opennn/neural_network.cpp" />
		<Unit filename="OpenNN/opennn/neural_network.h" />
		<Unit filename="OpenNN/opennn/neural_parameters_norm.cpp" />
		<Unit filename="OpenNN/opennn/neural_parameters_norm.h" />
		<Unit filename="OpenNN/opennn/newton_method.cpp" />
		<Unit filename="OpenNN/opennn/newton_method.h" />
		<Unit filename="OpenNN/opennn/normalized_squared_error.cpp" />
		<Unit filename="OpenNN/opennn/normalized_squared_error.h" />
		<Unit filename="OpenNN/opennn/numerical_differentiation.cpp" />
		<Unit filename="OpenNN/opennn/numerical_differentiation.h" />
		<Unit filename="OpenNN/opennn/numerical_integration.cpp" />
		<Unit filename="OpenNN/opennn/numerical_integration.h" />
		<Unit filename="OpenNN/opennn/opennn.h" />
		<Unit filename="OpenNN/opennn/opennn.pro" />
		<Unit filename="OpenNN/opennn/order_selection_algorithm.cpp" />
		<Unit filename="OpenNN/opennn/order_selection_algorithm.h" />
		<Unit filename="OpenNN/opennn/ordinary_differential_equations.cpp" />
		<Unit filename="OpenNN/opennn/ordinary_differential_equations.h" />
		<Unit filename="OpenNN/opennn/outputs.cpp" />
		<Unit filename="OpenNN/opennn/outputs.h" />
		<Unit filename="OpenNN/opennn/outputs_integrals.cpp" />
		<Unit filename="OpenNN/opennn/outputs_integrals.h" />
		<Unit filename="OpenNN/opennn/perceptron.cpp" />
		<Unit filename="OpenNN/opennn/perceptron.h" />
		<Unit filename="OpenNN/opennn/perceptron_layer.cpp" />
		<Unit filename="OpenNN/opennn/perceptron_layer.h" />
		<Unit filename="OpenNN/opennn/performance_term.cpp" />
		<Unit filename="OpenNN/opennn/performance_term.h" />
		<Unit filename="OpenNN/opennn/plug_in.cpp" />
		<Unit filename="OpenNN/opennn/plug_in.h" />
		<Unit filename="OpenNN/opennn/principal_components_layer.cpp" />
		<Unit filename="OpenNN/opennn/principal_components_layer.h" />
		<Unit filename="OpenNN/opennn/probabilistic_layer.cpp" />
		<Unit filename="OpenNN/opennn/probabilistic_layer.h" />
		<Unit filename="OpenNN/opennn/pruning_inputs.cpp" />
		<Unit filename="OpenNN/opennn/pruning_inputs.h" />
		<Unit filename="OpenNN/opennn/quasi_newton_method.cpp" />
		<Unit filename="OpenNN/opennn/quasi_newton_method.h" />
		<Unit filename="OpenNN/opennn/random_search.cpp" />
		<Unit filename="OpenNN/opennn/random_search.h" />
		<Unit filename="OpenNN/opennn/regularization_term.cpp" />
		<Unit filename="OpenNN/opennn/regularization_term.h" />
		<Unit filename="OpenNN/opennn/roc_area_error.cpp" />
		<Unit filename="OpenNN/opennn/roc_area_error.h" />
		<Unit filename="OpenNN/opennn/roc_curve_optimization_threshold.cpp" />
		<Unit filename="OpenNN/opennn/roc_curve_optimization_threshold.h" />
		<Unit filename="OpenNN/opennn/root_mean_squared_error.cpp" />
		<Unit filename="OpenNN/opennn/root_mean_squared_error.h" />
		<Unit filename="OpenNN/opennn/scaling_layer.cpp" />
		<Unit filename="OpenNN/opennn/scaling_layer.h" />
		<Unit filename="OpenNN/opennn/selective_pruning.cpp" />
		<Unit filename="OpenNN/opennn/selective_pruning.h" />
		<Unit filename="OpenNN/opennn/simulated_annealing_order.cpp" />
		<Unit filename="OpenNN/opennn/simulated_annealing_order.h" />
		<Unit filename="OpenNN/opennn/sum_squared_error.cpp" />
		<Unit filename="OpenNN/opennn/sum_squared_error.h" />
		<Unit filename="OpenNN/opennn/testing_analysis.cpp" />
		<Unit filename="OpenNN/opennn/testing_analysis.h" />
		<Unit filename="OpenNN/opennn/threshold_selection_algorithm.cpp" />
		<Unit filename="OpenNN/opennn/threshold_selection_algorithm.h" />
		<Unit filename="OpenNN/opennn/training_algorithm.cpp" />
		<Unit filename="OpenNN/opennn/training_algorithm.h" />
		<Unit filename="OpenNN/opennn/training_rate_algorithm.cpp" />
		<Unit filename="OpenNN/opennn/training_rate_algorithm.h" />
		<Unit filename="OpenNN/opennn/training_strategy.cpp" />
		<Unit filename="OpenNN/opennn/training_strategy.h" />
		<Unit filename="OpenNN/opennn/unscaling_layer.cpp" />
		<Unit filename="OpenNN/opennn/unscaling_layer.h" />
		<Unit filename="OpenNN/opennn/utilities.cu" />
		<Unit filename="OpenNN/opennn/variables.cpp" />
		<Unit filename="OpenNN/opennn/variables.h" />
		<Unit filename="OpenNN/opennn/vector.h" />
		<Unit filename="OpenNN/opennn/weighted_squared_error.cpp" />
		<Unit filename="OpenNN/opennn/weighted_squared_error.h" />
		<Unit filename="OpenNN/opennn/youden_index_optimization_threshold.cpp" />
		<Unit filename="OpenNN/opennn/youden_index_optimization_threshold.h" />
		<Unit filename="OpenNN/tests/CMakeLists.txt" />
		<Unit filename="OpenNN/tests/bin/out.txt" />
		<Unit filename="OpenNN/tests/bounding_layer_test.cpp" />
		<Unit filename="OpenNN/tests/bounding_layer_test.h" />
		<Unit filename="OpenNN/tests/conditions_layer_test.cpp" />
		<Unit filename="OpenNN/tests/conditions_layer_test.h" />
		<Unit filename="OpenNN/tests/conjugate_gradient_test.cpp" />
		<Unit filename="OpenNN/tests/conjugate_gradient_test.h" />
		<Unit filename="OpenNN/tests/cross_entropy_error_test.cpp" />
		<Unit filename="OpenNN/tests/cross_entropy_error_test.h" />
		<Unit filename="OpenNN/tests/data/data.dat" />
		<Unit filename="OpenNN/tests/data/data_set.xml" />
		<Unit filename="OpenNN/tests/data/mathematical_model.xml" />
		<Unit filename="OpenNN/tests/data/matrix.dat" />
		<Unit filename="OpenNN/tests/data/model_selection.xml" />
		<Unit filename="OpenNN/tests/data/neural_network.xml" />
		<Unit filename="OpenNN/tests/data/performance_functional.xml" />
		<Unit filename="OpenNN/tests/data/plug_in.xml" />
		<Unit filename="OpenNN/tests/data/training_algorithm.xml" />
		<Unit filename="OpenNN/tests/data/vector.dat" />
		<Unit filename="OpenNN/tests/data_set_test.cpp" />
		<Unit filename="OpenNN/tests/data_set_test.h" />
		<Unit filename="OpenNN/tests/error_term_test.cpp" />
		<Unit filename="OpenNN/tests/error_term_test.h" />
		<Unit filename="OpenNN/tests/evolutionary_algorithm_test.cpp" />
		<Unit filename="OpenNN/tests/evolutionary_algorithm_test.h" />
		<Unit filename="OpenNN/tests/final_solutions_error_test.cpp" />
		<Unit filename="OpenNN/tests/final_solutions_error_test.h" />
		<Unit filename="OpenNN/tests/genetic_algorithm_test.cpp" />
		<Unit filename="OpenNN/tests/genetic_algorithm_test.h" />
		<Unit filename="OpenNN/tests/golden_section_order_test.cpp" />
		<Unit filename="OpenNN/tests/golden_section_order_test.h" />
		<Unit filename="OpenNN/tests/gradient_descent_test.cpp" />
		<Unit filename="OpenNN/tests/gradient_descent_test.h" />
		<Unit filename="OpenNN/tests/growing_inputs_test.cpp" />
		<Unit filename="OpenNN/tests/growing_inputs_test.h" />
		<Unit filename="OpenNN/tests/incremental_order_test.cpp" />
		<Unit filename="OpenNN/tests/incremental_order_test.h" />
		<Unit filename="OpenNN/tests/independent_parameters_error_test.cpp" />
		<Unit filename="OpenNN/tests/independent_parameters_error_test.h" />
		<Unit filename="OpenNN/tests/independent_parameters_test.cpp" />
		<Unit filename="OpenNN/tests/independent_parameters_test.h" />
		<Unit filename="OpenNN/tests/inputs_selection_algorithm_test.cpp" />
		<Unit filename="OpenNN/tests/inputs_selection_algorithm_test.h" />
		<Unit filename="OpenNN/tests/inputs_test.cpp" />
		<Unit filename="OpenNN/tests/inputs_test.h" />
		<Unit filename="OpenNN/tests/instances_test.cpp" />
		<Unit filename="OpenNN/tests/instances_test.h" />
		<Unit filename="OpenNN/tests/inverse_sum_squared_error_test.cpp" />
		<Unit filename="OpenNN/tests/inverse_sum_squared_error_test.h" />
		<Unit filename="OpenNN/tests/levenberg_marquardt_algorithm_test.cpp" />
		<Unit filename="OpenNN/tests/levenberg_marquardt_algorithm_test.h" />
		<Unit filename="OpenNN/tests/loss_index_test.cpp" />
		<Unit filename="OpenNN/tests/loss_index_test.h" />
		<Unit filename="OpenNN/tests/main.cpp" />
		<Unit filename="OpenNN/tests/mathematical_model_test.cpp" />
		<Unit filename="OpenNN/tests/mathematical_model_test.h" />
		<Unit filename="OpenNN/tests/matrix_test.cpp" />
		<Unit filename="OpenNN/tests/matrix_test.h" />
		<Unit filename="OpenNN/tests/mean_squared_error_test.cpp" />
		<Unit filename="OpenNN/tests/mean_squared_error_test.h" />
		<Unit filename="OpenNN/tests/minkowski_error_test.cpp" />
		<Unit filename="OpenNN/tests/minkowski_error_test.h" />
		<Unit filename="OpenNN/tests/missing_values_test.cpp" />
		<Unit filename="OpenNN/tests/missing_values_test.h" />
		<Unit filename="OpenNN/tests/mock_error_term.cpp" />
		<Unit filename="OpenNN/tests/mock_error_term.h" />
		<Unit filename="OpenNN/tests/mock_ordinary_differential_equations.cpp" />
		<Unit filename="OpenNN/tests/mock_ordinary_differential_equations.h" />
		<Unit filename="OpenNN/tests/mock_performance_term.cpp" />
		<Unit filename="OpenNN/tests/mock_performance_term.h" />
		<Unit filename="OpenNN/tests/mock_training_algorithm.cpp" />
		<Unit filename="OpenNN/tests/mock_training_algorithm.h" />
		<Unit filename="OpenNN/tests/model_selection_test.cpp" />
		<Unit filename="OpenNN/tests/model_selection_test.h" />
		<Unit filename="OpenNN/tests/multilayer_perceptron.h" />
		<Unit filename="OpenNN/tests/multilayer_perceptron_test.cpp" />
		<Unit filename="OpenNN/tests/multilayer_perceptron_test.h" />
		<Unit filename="OpenNN/tests/neural_network_test.cpp" />
		<Unit filename="OpenNN/tests/neural_network_test.h" />
		<Unit filename="OpenNN/tests/neural_parameters_norm_test.cpp" />
		<Unit filename="OpenNN/tests/neural_parameters_norm_test.h" />
		<Unit filename="OpenNN/tests/newton_method_test.cpp" />
		<Unit filename="OpenNN/tests/newton_method_test.h" />
		<Unit filename="OpenNN/tests/normalized_squared_error_test.cpp" />
		<Unit filename="OpenNN/tests/normalized_squared_error_test.h" />
		<Unit filename="OpenNN/tests/numerical_differentiation_test.cpp" />
		<Unit filename="OpenNN/tests/numerical_differentiation_test.h" />
		<Unit filename="OpenNN/tests/numerical_integration_test.cpp" />
		<Unit filename="OpenNN/tests/numerical_integration_test.h" />
		<Unit filename="OpenNN/tests/opennn_tests.h" />
		<Unit filename="OpenNN/tests/order_selection_algorithm_test.cpp" />
		<Unit filename="OpenNN/tests/order_selection_algorithm_test.h" />
		<Unit filename="OpenNN/tests/ordinary_differential_equations_test.cpp" />
		<Unit filename="OpenNN/tests/ordinary_differential_equations_test.h" />
		<Unit filename="OpenNN/tests/outputs_integrals_test.cpp" />
		<Unit filename="OpenNN/tests/outputs_integrals_test.h" />
		<Unit filename="OpenNN/tests/outputs_test.cpp" />
		<Unit filename="OpenNN/tests/outputs_test.h" />
		<Unit filename="OpenNN/tests/perceptron_layer_test.cpp" />
		<Unit filename="OpenNN/tests/perceptron_layer_test.h" />
		<Unit filename="OpenNN/tests/perceptron_test.cpp" />
		<Unit filename="OpenNN/tests/perceptron_test.h" />
		<Unit filename="OpenNN/tests/performance_term_test.cpp" />
		<Unit filename="OpenNN/tests/performance_term_test.h" />
		<Unit filename="OpenNN/tests/plug_in_test.cpp" />
		<Unit filename="OpenNN/tests/plug_in_test.h" />
		<Unit filename="OpenNN/tests/polynomial.cpp" />
		<Unit filename="OpenNN/tests/polynomial.h" />
		<Unit filename="OpenNN/tests/probabilistic_layer_test.cpp" />
		<Unit filename="OpenNN/tests/probabilistic_layer_test.h" />
		<Unit filename="OpenNN/tests/pruning_inputs_test.cpp" />
		<Unit filename="OpenNN/tests/pruning_inputs_test.h" />
		<Unit filename="OpenNN/tests/quasi_newton_method_test.cpp" />
		<Unit filename="OpenNN/tests/quasi_newton_method_test.h" />
		<Unit filename="OpenNN/tests/random_search_test.cpp" />
		<Unit filename="OpenNN/tests/random_search_test.h" />
		<Unit filename="OpenNN/tests/root_mean_squared_error_test.cpp" />
		<Unit filename="OpenNN/tests/root_mean_squared_error_test.h" />
		<Unit filename="OpenNN/tests/scaling_layer_test.cpp" />
		<Unit filename="OpenNN/tests/scaling_layer_test.h" />
		<Unit filename="OpenNN/tests/simulated_annealing_order_test.cpp" />
		<Unit filename="OpenNN/tests/simulated_annealing_order_test.h" />
		<Unit filename="OpenNN/tests/solutions_error_test.cpp" />
		<Unit filename="OpenNN/tests/solutions_error_test.h" />
		<Unit filename="OpenNN/tests/sum_squared_error_test.cpp" />
		<Unit filename="OpenNN/tests/sum_squared_error_test.h" />
		<Unit filename="OpenNN/tests/testing_analysis_test.cpp" />
		<Unit filename="OpenNN/tests/testing_analysis_test.h" />
		<Unit filename="OpenNN/tests/tests.pro" />
		<Unit filename="OpenNN/tests/training_algorithm_test.cpp" />
		<Unit filename="OpenNN/tests/training_algorithm_test.h" />
		<Unit filename="OpenNN/tests/training_rate_algorithm_test.cpp" />
		<Unit filename="OpenNN/tests/training_rate_algorithm_test.h" />
		<Unit filename="OpenNN/tests/training_strategy_test.cpp" />
		<Unit filename="OpenNN/tests/training_strategy_test.h" />
		<Unit filename="OpenNN/tests/unit_testing.cpp" />
		<Unit filename="OpenNN/tests/unit_testing.h" />
		<Unit filename="OpenNN/tests/unscaling_layer_test.cpp" />
		<Unit filename="OpenNN/tests/unscaling_layer_test.h" />
		<Unit filename="OpenNN/tests/variables_test.cpp" />
		<Unit filename="OpenNN/tests/variables_test.h" />
		<Unit filename="OpenNN/tests/vector_test.cpp" />
		<Unit filename="OpenNN/tests/vector_test.h" />
		<Unit filename="OpenNN/tests/weighted_squared_error_test.cpp" />
		<Unit filename="OpenNN/tests/weighted_squared_error_test.h" />
		<Unit filename="OpenNN/tinyxml2/CMakeLists.txt" />
		<Unit filename="OpenNN/tinyxml2/tinyxml2.cpp" />
		<Unit filename="OpenNN/tinyxml2/tinyxml2.h" />
		<Unit filename="OpenNN/tinyxml2/tinyxml2.pro" />
		<Unit filename="main.cpp" />
		<Unit filename="main.h" />
		<Extensions>
			<code_completion />
			<envvars />
			<debugger />
			<lib_finder disable_auto="1" />
		</Extensions>
	</Project>
</CodeBlocks_project_file>
